{
  "name": "compose_setup",
  "version": "1.9.0",
  "lockfileVersion": 1,
  "requires": true,
  "dependencies": {
    "husky": {
      "version": "5.1.1",
      "resolved": "https://registry.npmjs.org/husky/-/husky-5.1.1.tgz",
      "integrity": "sha512-80LZ736V0Nr4/st0c2COYaMbEQhHNmAbLMN8J/kLk7/mo0QdUkUGNDjv/7jVkhug377Wh8wfbWyaVXEJ/h2B/Q=="
    }
  }
}
